
Microsoft Visual Studio Solution File, Format Version 11.00
# Visual Studio 2010
Project("{FAE04EC0-301F-11D3-BF4B-00C04F79EFBC}") = "WeatherAPI", "WeatherAPI.csproj", "{BF440187-B024-4004-B425-B13F9F4DFBBF}"
EndProject
Global
	GlobalSection(SolutionConfigurationPlatforms) = preSolution
		Debug|Any CPU = Debug|Any CPU
		Release|Any CPU = Release|Any CPU
	EndGlobalSection
	GlobalSection(ProjectConfigurationPlatforms) = postSolution
		{BF440187-B024-4004-B425-B13F9F4DFBBF}.Debug|Any CPU.ActiveCfg = Debug|Any CPU
		{BF440187-B024-4004-B425-B13F9F4DFBBF}.Debug|Any CPU.Build.0 = Debug|Any CPU
		{BF440187-B024-4004-B425-B13F9F4DFBBF}.Release|Any CPU.ActiveCfg = Release|Any CPU
		{BF440187-B024-4004-B425-B13F9F4DFBBF}.Release|Any CPU.Build.0 = Release|Any CPU
	EndGlobalSection
	GlobalSection(MonoDevelopProperties) = preSolution
		StartupItem = WeatherAPI.csproj
	EndGlobalSection
EndGlobal
